{
  "name": "miniprogram-ts-quickstart",
  "version": "1.0.0",
  "lockfileVersion": 1,
  "requires": true,
  "dependencies": {
    "lottie-minicomponent": {
      "version": "1.0.1",
      "resolved": "https://registry.npmjs.org/lottie-minicomponent/-/lottie-minicomponent-1.0.1.tgz",
      "integrity": "sha512-x6GD3vuYvFvmYtf0tklDCECyhq3yD4D7cVZF0fzd6nj+2Ti2zt0e/Gi2UKueRDTvvf5bn3TWywAOBEQSQmpXwA==",
      "requires": {
        "lottie-miniprogram": "^1.0.7"
      }
    },
    "lottie-miniprogram": {
      "version": "1.0.7",
      "resolved": "https://registry.npmjs.org/lottie-miniprogram/-/lottie-miniprogram-1.0.7.tgz",
      "integrity": "sha512-mAbrKYc4IUe/5TqI/biFVa0xHuj/TVRY+ijxOQATwTzM6qJelrM5m0WQyXzzLtSuQcUlhDXZWAEsZxDCsqTBAQ=="
    },
    "miniprogram-api-typings": {
      "version": "2.10.4",
      "resolved": "https://registry.npmjs.org/miniprogram-api-typings/-/miniprogram-api-typings-2.10.4.tgz",
      "integrity": "sha512-IXWi6sJFd/EH1wNR8rtOx2+hJOwZk7jKFVIshQ0aAlRaKk0P4Jack4SItzUwNURgRykvrleGgErI/jH5hsiniw==",
      "dev": true
    },
    "typescript": {
      "version": "3.8.3",
      "resolved": "https://registry.npmjs.org/typescript/-/typescript-3.8.3.tgz",
      "integrity": "sha512-MYlEfn5VrLNsgudQTVJeNaQFUAI7DkhnOjdpAp4T+ku1TfQClewlbSuTVHiA+8skNBgaf02TL/kLOvig4y3G8w==",
      "dev": true
    }
  }
}
